
Microsoft Visual Studio Solution File, Format Version 12.00
# Visual Studio Version 16
VisualStudioVersion = 16.0.31829.152
MinimumVisualStudioVersion = 10.0.40219.1
Project("{FAE04EC0-301F-11D3-BF4B-00C04F79EFBC}") = "GUI", "GUI\GUI.csproj", "{78D8561D-2AAB-4E48-8F23-D201AC275EAD}"
EndProject
Global
	GlobalSection(SolutionConfigurationPlatforms) = preSolution
		Debug|Any CPU = Debug|Any CPU
		Release|Any CPU = Release|Any CPU
	EndGlobalSection
	GlobalSection(ProjectConfigurationPlatforms) = postSolution
		{78D8561D-2AAB-4E48-8F23-D201AC275EAD}.Debug|Any CPU.ActiveCfg = Debug|Any CPU
		{78D8561D-2AAB-4E48-8F23-D201AC275EAD}.Debug|Any CPU.Build.0 = Debug|Any CPU
		{78D8561D-2AAB-4E48-8F23-D201AC275EAD}.Release|Any CPU.ActiveCfg = Release|Any CPU
		{78D8561D-2AAB-4E48-8F23-D201AC275EAD}.Release|Any CPU.Build.0 = Release|Any CPU
	EndGlobalSection
	GlobalSection(SolutionProperties) = preSolution
		HideSolutionNode = FALSE
	EndGlobalSection
	GlobalSection(ExtensibilityGlobals) = postSolution
		SolutionGuid = {22A6AE2C-DB22-4E88-BB0B-58FA68A2741E}
	EndGlobalSection
EndGlobal
